
Microsoft Visual Studio Solution File, Format Version 12.00
# Visual Studio Version 17
VisualStudioVersion = 17.11.35222.181
MinimumVisualStudioVersion = 10.0.40219.1
Project("{FAE04EC0-301F-11D3-BF4B-00C04F79EFBC}") = "WebApplication3", "WebApplication3.csproj", "{24B50CA0-24BD-4FF6-BCC3-7AD719B6B16B}"
EndProject
Global
	GlobalSection(SolutionConfigurationPlatforms) = preSolution
		Debug|Any CPU = Debug|Any CPU
		Release|Any CPU = Release|Any CPU
	EndGlobalSection
	GlobalSection(ProjectConfigurationPlatforms) = postSolution
		{24B50CA0-24BD-4FF6-BCC3-7AD719B6B16B}.Debug|Any CPU.ActiveCfg = Debug|Any CPU
		{24B50CA0-24BD-4FF6-BCC3-7AD719B6B16B}.Debug|Any CPU.Build.0 = Debug|Any CPU
		{24B50CA0-24BD-4FF6-BCC3-7AD719B6B16B}.Release|Any CPU.ActiveCfg = Release|Any CPU
		{24B50CA0-24BD-4FF6-BCC3-7AD719B6B16B}.Release|Any CPU.Build.0 = Release|Any CPU
	EndGlobalSection
	GlobalSection(SolutionProperties) = preSolution
		HideSolutionNode = FALSE
	EndGlobalSection
	GlobalSection(ExtensibilityGlobals) = postSolution
		SolutionGuid = {3573A2B2-D807-431E-ABF4-B5FCC03CBC01}
	EndGlobalSection
EndGlobal
